// !$*UTF8*$!
{
	archiveVersion = 1;
	classes = {
	};
	objectVersion = 55;
	objects = {

/* Begin PBXBuildFile section */
		1BEE9E5427B03247006BDE38 /* CustomGridSUI.swift in Sources */ = {isa = PBXBuildFile; fileRef = 1BEE9E5327B03247006BDE38 /* CustomGridSUI.swift */; };
		1BEE9E5627B03247006BDE38 /* ContentView.swift in Sources */ = {isa = PBXBuildFile; fileRef = 1BEE9E5527B03247006BDE38 /* ContentView.swift */; };
		1BEE9E5827B03248006BDE38 /* Assets.xcassets in Resources */ = {isa = PBXBuildFile; fileRef = 1BEE9E5727B03248006BDE38 /* Assets.xcassets */; };
		1BEE9E5B27B03248006BDE38 /* Preview Assets.xcassets in Resources */ = {isa = PBXBuildFile; fileRef = 1BEE9E5A27B03248006BDE38 /* Preview Assets.xcassets */; };
		1BEE9E6427B03C0A006BDE38 /* AwardsView.swift in Sources */ = {isa = PBXBuildFile; fileRef = 1BEE9E6327B03C0A006BDE38 /* AwardsView.swift */; };
		1BEE9E6627B03C24006BDE38 /* GradientRectangles.swift in Sources */ = {isa = PBXBuildFile; fileRef = 1BEE9E6527B03C24006BDE38 /* GradientRectangles.swift */; };
		1BEE9E6827B03F03006BDE38 /* PathView.swift in Sources */ = {isa = PBXBuildFile; fileRef = 1BEE9E6727B03F03006BDE38 /* PathView.swift */; };
		1BEE9E6A27B04440006BDE38 /* CurvesView.swift in Sources */ = {isa = PBXBuildFile; fileRef = 1BEE9E6927B04440006BDE38 /* CurvesView.swift */; };
		1BEE9E6C27B04801006BDE38 /* MainView.swift in Sources */ = {isa = PBXBuildFile; fileRef = 1BEE9E6B27B04801006BDE38 /* MainView.swift */; };
		1BEE9E6E27B166EA006BDE38 /* SunView.swift in Sources */ = {isa = PBXBuildFile; fileRef = 1BEE9E6D27B166EA006BDE38 /* SunView.swift */; };
		1BEE9E9D27B42E3E006BDE38 /* CustomGridView.swift in Sources */ = {isa = PBXBuildFile; fileRef = 1BEE9E9C27B42E3E006BDE38 /* CustomGridView.swift */; };
		1BEE9E9F27B4371B006BDE38 /* Award.swift in Sources */ = {isa = PBXBuildFile; fileRef = 1BEE9E9E27B4371B006BDE38 /* Award.swift */; };
		1BEE9EA127B43998006BDE38 /* VerticalGridView.swift in Sources */ = {isa = PBXBuildFile; fileRef = 1BEE9EA027B43998006BDE38 /* VerticalGridView.swift */; };
		1BEE9EA327B43BF3006BDE38 /* HorizontalGridView.swift in Sources */ = {isa = PBXBuildFile; fileRef = 1BEE9EA227B43BF3006BDE38 /* HorizontalGridView.swift */; };
/* End PBXBuildFile section */

/* Begin PBXFileReference section */
		1BEE9E5027B03247006BDE38 /* CustomGridSUI.app */ = {isa = PBXFileReference; explicitFileType = wrapper.application; includeInIndex = 0; path = CustomGridSUI.app; sourceTree = BUILT_PRODUCTS_DIR; };
		1BEE9E5327B03247006BDE38 /* CustomGridSUI.swift */ = {isa = PBXFileReference; lastKnownFileType = sourcecode.swift; path = CustomGridSUI.swift; sourceTree = "<group>"; };
		1BEE9E5527B03247006BDE38 /* ContentView.swift */ = {isa = PBXFileReference; lastKnownFileType = sourcecode.swift; path = ContentView.swift; sourceTree = "<group>"; };
		1BEE9E5727B03248006BDE38 /* Assets.xcassets */ = {isa = PBXFileReference; lastKnownFileType = folder.assetcatalog; path = Assets.xcassets; sourceTree = "<group>"; };
		1BEE9E5A27B03248006BDE38 /* Preview Assets.xcassets */ = {isa = PBXFileReference; lastKnownFileType = folder.assetcatalog; path = "Preview Assets.xcassets"; sourceTree = "<group>"; };
		1BEE9E6327B03C0A006BDE38 /* AwardsView.swift */ = {isa = PBXFileReference; lastKnownFileType = sourcecode.swift; path = AwardsView.swift; sourceTree = "<group>"; };
		1BEE9E6527B03C24006BDE38 /* GradientRectangles.swift */ = {isa = PBXFileReference; lastKnownFileType = sourcecode.swift; path = GradientRectangles.swift; sourceTree = "<group>"; };
		1BEE9E6727B03F03006BDE38 /* PathView.swift */ = {isa = PBXFileReference; lastKnownFileType = sourcecode.swift; path = PathView.swift; sourceTree = "<group>"; };
		1BEE9E6927B04440006BDE38 /* CurvesView.swift */ = {isa = PBXFileReference; lastKnownFileType = sourcecode.swift; path = CurvesView.swift; sourceTree = "<group>"; };
		1BEE9E6B27B04801006BDE38 /* MainView.swift */ = {isa = PBXFileReference; lastKnownFileType = sourcecode.swift; path = MainView.swift; sourceTree = "<group>"; };
		1BEE9E6D27B166EA006BDE38 /* SunView.swift */ = {isa = PBXFileReference; lastKnownFileType = sourcecode.swift; path = SunView.swift; sourceTree = "<group>"; };
		1BEE9E9C27B42E3E006BDE38 /* CustomGridView.swift */ = {isa = PBXFileReference; lastKnownFileType = sourcecode.swift; path = CustomGridView.swift; sourceTree = "<group>"; };
		1BEE9E9E27B4371B006BDE38 /* Award.swift */ = {isa = PBXFileReference; lastKnownFileType = sourcecode.swift; path = Award.swift; sourceTree = "<group>"; };
		1BEE9EA027B43998006BDE38 /* VerticalGridView.swift */ = {isa = PBXFileReference; lastKnownFileType = sourcecode.swift; path = VerticalGridView.swift; sourceTree = "<group>"; };
		1BEE9EA227B43BF3006BDE38 /* HorizontalGridView.swift */ = {isa = PBXFileReference; lastKnownFileType = sourcecode.swift; path = HorizontalGridView.swift; sourceTree = "<group>"; };
/* End PBXFileReference section */

/* Begin PBXFrameworksBuildPhase section */
		1BEE9E4D27B03247006BDE38 /* Frameworks */ = {
			isa = PBXFrameworksBuildPhase;
			buildActionMask = 2147483647;
			files = (
			);
			runOnlyForDeploymentPostprocessing = 0;
		};
/* End PBXFrameworksBuildPhase section */

/* Begin PBXGroup section */
		1BEE9E4727B03247006BDE38 = {
			isa = PBXGroup;
			children = (
				1BEE9E5227B03247006BDE38 /* CustomGridSUI */,
				1BEE9E5127B03247006BDE38 /* Products */,
			);
			sourceTree = "<group>";
		};
		1BEE9E5127B03247006BDE38 /* Products */ = {
			isa = PBXGroup;
			children = (
				1BEE9E5027B03247006BDE38 /* CustomGridSUI.app */,
			);
			name = Products;
			sourceTree = "<group>";
		};
		1BEE9E5227B03247006BDE38 /* CustomGridSUI */ = {
			isa = PBXGroup;
			children = (
				1BEE9E5327B03247006BDE38 /* CustomGridSUI.swift */,
				1BEE9E5527B03247006BDE38 /* ContentView.swift */,
				1BEE9E6B27B04801006BDE38 /* MainView.swift */,
				1BEE9E6327B03C0A006BDE38 /* AwardsView.swift */,
				1BEE9E9C27B42E3E006BDE38 /* CustomGridView.swift */,
				1BEE9EA027B43998006BDE38 /* VerticalGridView.swift */,
				1BEE9EA227B43BF3006BDE38 /* HorizontalGridView.swift */,
				1BEE9E9E27B4371B006BDE38 /* Award.swift */,
				1BEE9E6527B03C24006BDE38 /* GradientRectangles.swift */,
				1BEE9E6727B03F03006BDE38 /* PathView.swift */,
				1BEE9E6927B04440006BDE38 /* CurvesView.swift */,
				1BEE9E6D27B166EA006BDE38 /* SunView.swift */,
				1BEE9E5727B03248006BDE38 /* Assets.xcassets */,
				1BEE9E5927B03248006BDE38 /* Preview Content */,
			);
			path = CustomGridSUI;
			sourceTree = "<group>";
		};
		1BEE9E5927B03248006BDE38 /* Preview Content */ = {
			isa = PBXGroup;
			children = (
				1BEE9E5A27B03248006BDE38 /* Preview Assets.xcassets */,
			);
			path = "Preview Content";
			sourceTree = "<group>";
		};
/* End PBXGroup section */

/* Begin PBXNativeTarget section */
		1BEE9E4F27B03247006BDE38 /* CustomGridSUI */ = {
			isa = PBXNativeTarget;
			buildConfigurationList = 1BEE9E5E27B03248006BDE38 /* Build configuration list for PBXNativeTarget "CustomGridSUI" */;
			buildPhases = (
				1BEE9E4C27B03247006BDE38 /* Sources */,
				1BEE9E4D27B03247006BDE38 /* Frameworks */,
				1BEE9E4E27B03247006BDE38 /* Resources */,
			);
			buildRules = (
			);
			dependencies = (
			);
			name = CustomGridSUI;
			productName = "Lesson#6SwiftUI";
			productReference = 1BEE9E5027B03247006BDE38 /* CustomGridSUI.app */;
			productType = "com.apple.product-type.application";
		};
/* End PBXNativeTarget section */

/* Begin PBXProject section */
		1BEE9E4827B03247006BDE38 /* Project object */ = {
			isa = PBXProject;
			attributes = {
				BuildIndependentTargetsInParallel = 1;
				LastSwiftUpdateCheck = 1320;
				LastUpgradeCheck = 1320;
				TargetAttributes = {
					1BEE9E4F27B03247006BDE38 = {
						CreatedOnToolsVersion = 13.2.1;
					};
				};
			};
			buildConfigurationList = 1BEE9E4B27B03247006BDE38 /* Build configuration list for PBXProject "CustomGridSUI" */;
			compatibilityVersion = "Xcode 13.0";
			developmentRegion = en;
			hasScannedForEncodings = 0;
			knownRegions = (
				en,
				Base,
			);
			mainGroup = 1BEE9E4727B03247006BDE38;
			productRefGroup = 1BEE9E5127B03247006BDE38 /* Products */;
			projectDirPath = "";
			projectRoot = "";
			targets = (
				1BEE9E4F27B03247006BDE38 /* CustomGridSUI */,
			);
		};
/* End PBXProject section */

/* Begin PBXResourcesBuildPhase section */
		1BEE9E4E27B03247006BDE38 /* Resources */ = {
			isa = PBXResourcesBuildPhase;
			buildActionMask = 2147483647;
			files = (
				1BEE9E5B27B03248006BDE38 /* Preview Assets.xcassets in Resources */,
				1BEE9E5827B03248006BDE38 /* Assets.xcassets in Resources */,
			);
			runOnlyForDeploymentPostprocessing = 0;
		};
/* End PBXResourcesBuildPhase section */

/* Begin PBXSourcesBuildPhase section */
		1BEE9E4C27B03247006BDE38 /* Sources */ = {
			isa = PBXSourcesBuildPhase;
			buildActionMask = 2147483647;
			files = (
				1BEE9E9D27B42E3E006BDE38 /* CustomGridView.swift in Sources */,
				1BEE9E6A27B04440006BDE38 /* CurvesView.swift in Sources */,
				1BEE9E6E27B166EA006BDE38 /* SunView.swift in Sources */,
				1BEE9E9F27B4371B006BDE38 /* Award.swift in Sources */,
				1BEE9E6C27B04801006BDE38 /* MainView.swift in Sources */,
				1BEE9EA127B43998006BDE38 /* VerticalGridView.swift in Sources */,
				1BEE9E6827B03F03006BDE38 /* PathView.swift in Sources */,
				1BEE9E6427B03C0A006BDE38 /* AwardsView.swift in Sources */,
				1BEE9E6627B03C24006BDE38 /* GradientRectangles.swift in Sources */,
				1BEE9E5627B03247006BDE38 /* ContentView.swift in Sources */,
				1BEE9EA327B43BF3006BDE38 /* HorizontalGridView.swift in Sources */,
				1BEE9E5427B03247006BDE38 /* CustomGridSUI.swift in Sources */,
			);
			runOnlyForDeploymentPostprocessing = 0;
		};
/* End PBXSourcesBuildPhase section */

/* Begin XCBuildConfiguration section */
		1BEE9E5C27B03248006BDE38 /* Debug */ = {
			isa = XCBuildConfiguration;
			buildSettings = {
				ALWAYS_SEARCH_USER_PATHS = NO;
				CLANG_ANALYZER_NONNULL = YES;
				CLANG_ANALYZER_NUMBER_OBJECT_CONVERSION = YES_AGGRESSIVE;
				CLANG_CXX_LANGUAGE_STANDARD = "gnu++17";
				CLANG_CXX_LIBRARY = "libc++";
				CLANG_ENABLE_MODULES = YES;
				CLANG_ENABLE_OBJC_ARC = YES;
				CLANG_ENABLE_OBJC_WEAK = YES;
				CLANG_WARN_BLOCK_CAPTURE_AUTORELEASING = YES;
				CLANG_WARN_BOOL_CONVERSION = YES;
				CLANG_WARN_COMMA = YES;
				CLANG_WARN_CONSTANT_CONVERSION = YES;
				CLANG_WARN_DEPRECATED_OBJC_IMPLEMENTATIONS = YES;
				CLANG_WARN_DIRECT_OBJC_ISA_USAGE = YES_ERROR;
				CLANG_WARN_DOCUMENTATION_COMMENTS = YES;
				CLANG_WARN_EMPTY_BODY = YES;
				CLANG_WARN_ENUM_CONVERSION = YES;
				CLANG_WARN_INFINITE_RECURSION = YES;
				CLANG_WARN_INT_CONVERSION = YES;
				CLANG_WARN_NON_LITERAL_NULL_CONVERSION = YES;
				CLANG_WARN_OBJC_IMPLICIT_RETAIN_SELF = YES;
				CLANG_WARN_OBJC_LITERAL_CONVERSION = YES;
				CLANG_WARN_OBJC_ROOT_CLASS = YES_ERROR;
				CLANG_WARN_QUOTED_INCLUDE_IN_FRAMEWORK_HEADER = YES;
				CLANG_WARN_RANGE_LOOP_ANALYSIS = YES;
				CLANG_WARN_STRICT_PROTOTYPES = YES;
				CLANG_WARN_SUSPICIOUS_MOVE = YES;
				CLANG_WARN_UNGUARDED_AVAILABILITY = YES_AGGRESSIVE;
				CLANG_WARN_UNREACHABLE_CODE = YES;
				CLANG_WARN__DUPLICATE_METHOD_MATCH = YES;
				COPY_PHASE_STRIP = NO;
				DEBUG_INFORMATION_FORMAT = dwarf;
				ENABLE_STRICT_OBJC_MSGSEND = YES;
				ENABLE_TESTABILITY = YES;
				GCC_C_LANGUAGE_STANDARD = gnu11;
				GCC_DYNAMIC_NO_PIC = NO;
				GCC_NO_COMMON_BLOCKS = YES;
				GCC_OPTIMIZATION_LEVEL = 0;
				GCC_PREPROCESSOR_DEFINITIONS = (
					"DEBUG=1",
					"$(inherited)",
				);
				GCC_WARN_64_TO_32_BIT_CONVERSION = YES;
				GCC_WARN_ABOUT_RETURN_TYPE = YES_ERROR;
				GCC_WARN_UNDECLARED_SELECTOR = YES;
				GCC_WARN_UNINITIALIZED_AUTOS = YES_AGGRESSIVE;
				GCC_WARN_UNUSED_FUNCTION = YES;
				GCC_WARN_UNUSED_VARIABLE = YES;
				IPHONEOS_DEPLOYMENT_TARGET = 15.2;
				MTL_ENABLE_DEBUG_INFO = INCLUDE_SOURCE;
				MTL_FAST_MATH = YES;
				ONLY_ACTIVE_ARCH = YES;
				SDKROOT = iphoneos;
				SWIFT_ACTIVE_COMPILATION_CONDITIONS = DEBUG;
				SWIFT_OPTIMIZATION_LEVEL = "-Onone";
			};
			name = Debug;
		};
		1BEE9E5D27B03248006BDE38 /* Release */ = {
			isa = XCBuildConfiguration;
			buildSettings = {
				ALWAYS_SEARCH_USER_PATHS = NO;
				CLANG_ANALYZER_NONNULL = YES;
				CLANG_ANALYZER_NUMBER_OBJECT_CONVERSION = YES_AGGRESSIVE;
				CLANG_CXX_LANGUAGE_STANDARD = "gnu++17";
				CLANG_CXX_LIBRARY = "libc++";
				CLANG_ENABLE_MODULES = YES;
				CLANG_ENABLE_OBJC_ARC = YES;
				CLANG_ENABLE_OBJC_WEAK = YES;
				CLANG_WARN_BLOCK_CAPTURE_AUTORELEASING = YES;
				CLANG_WARN_BOOL_CONVERSION = YES;
				CLANG_WARN_COMMA = YES;
				CLANG_WARN_CONSTANT_CONVERSION = YES;
				CLANG_WARN_DEPRECATED_OBJC_IMPLEMENTATIONS = YES;
				CLANG_WARN_DIRECT_OBJC_ISA_USAGE = YES_ERROR;
				CLANG_WARN_DOCUMENTATION_COMMENTS = YES;
				CLANG_WARN_EMPTY_BODY = YES;
				CLANG_WARN_ENUM_CONVERSION = YES;
				CLANG_WARN_INFINITE_RECURSION = YES;
				CLANG_WARN_INT_CONVERSION = YES;
				CLANG_WARN_NON_LITERAL_NULL_CONVERSION = YES;
				CLANG_WARN_OBJC_IMPLICIT_RETAIN_SELF = YES;
				CLANG_WARN_OBJC_LITERAL_CONVERSION = YES;
				CLANG_WARN_OBJC_ROOT_CLASS = YES_ERROR;
				CLANG_WARN_QUOTED_INCLUDE_IN_FRAMEWORK_HEADER = YES;
				CLANG_WARN_RANGE_LOOP_ANALYSIS = YES;
				CLANG_WARN_STRICT_PROTOTYPES = YES;
				CLANG_WARN_SUSPICIOUS_MOVE = YES;
				CLANG_WARN_UNGUARDED_AVAILABILITY = YES_AGGRESSIVE;
				CLANG_WARN_UNREACHABLE_CODE = YES;
				CLANG_WARN__DUPLICATE_METHOD_MATCH = YES;
				COPY_PHASE_STRIP = NO;
				DEBUG_INFORMATION_FORMAT = "dwarf-with-dsym";
				ENABLE_NS_ASSERTIONS = NO;
				ENABLE_STRICT_OBJC_MSGSEND = YES;
				GCC_C_LANGUAGE_STANDARD = gnu11;
				GCC_NO_COMMON_BLOCKS = YES;
				GCC_WARN_64_TO_32_BIT_CONVERSION = YES;
				GCC_WARN_ABOUT_RETURN_TYPE = YES_ERROR;
				GCC_WARN_UNDECLARED_SELECTOR = YES;
				GCC_WARN_UNINITIALIZED_AUTOS = YES_AGGRESSIVE;
				GCC_WARN_UNUSED_FUNCTION = YES;
				GCC_WARN_UNUSED_VARIABLE = YES;
				IPHONEOS_DEPLOYMENT_TARGET = 15.2;
				MTL_ENABLE_DEBUG_INFO = NO;
				MTL_FAST_MATH = YES;
				SDKROOT = iphoneos;
				SWIFT_COMPILATION_MODE = wholemodule;
				SWIFT_OPTIMIZATION_LEVEL = "-O";
				VALIDATE_PRODUCT = YES;
			};
			name = Release;
		};
		1BEE9E5F27B03248006BDE38 /* Debug */ = {
			isa = XCBuildConfiguration;
			buildSettings = {
				ASSETCATALOG_COMPILER_APPICON_NAME = AppIcon;
				ASSETCATALOG_COMPILER_GLOBAL_ACCENT_COLOR_NAME = AccentColor;
				CODE_SIGN_STYLE = Automatic;
				CURRENT_PROJECT_VERSION = 1;
				DEVELOPMENT_ASSET_PATHS = "\"CustomGridSUI/Preview Content\"";
				DEVELOPMENT_TEAM = YU7DP9Q269;
				ENABLE_PREVIEWS = YES;
				GENERATE_INFOPLIST_FILE = YES;
				INFOPLIST_KEY_UIApplicationSceneManifest_Generation = YES;
				INFOPLIST_KEY_UIApplicationSupportsIndirectInputEvents = YES;
				INFOPLIST_KEY_UILaunchScreen_Generation = YES;
				INFOPLIST_KEY_UISupportedInterfaceOrientations_iPad = "UIInterfaceOrientationPortrait UIInterfaceOrientationPortraitUpsideDown UIInterfaceOrientationLandscapeLeft UIInterfaceOrientationLandscapeRight";
				INFOPLIST_KEY_UISupportedInterfaceOrientations_iPhone = "UIInterfaceOrientationPortrait UIInterfaceOrientationLandscapeLeft UIInterfaceOrientationLandscapeRight";
				LD_RUNPATH_SEARCH_PATHS = (
					"$(inherited)",
					"@executable_path/Frameworks",
				);
				MARKETING_VERSION = 1.0;
				PRODUCT_BUNDLE_IDENTIFIER = com.private.CustomGridSUI;
				PRODUCT_NAME = CustomGridSUI;
				SWIFT_EMIT_LOC_STRINGS = YES;
				SWIFT_VERSION = 5.0;
				TARGETED_DEVICE_FAMILY = "1,2";
			};
			name = Debug;
		};
		1BEE9E6027B03248006BDE38 /* Release */ = {
			isa = XCBuildConfiguration;
			buildSettings = {
				ASSETCATALOG_COMPILER_APPICON_NAME = AppIcon;
				ASSETCATALOG_COMPILER_GLOBAL_ACCENT_COLOR_NAME = AccentColor;
				CODE_SIGN_STYLE = Automatic;
				CURRENT_PROJECT_VERSION = 1;
				DEVELOPMENT_ASSET_PATHS = "\"CustomGridSUI/Preview Content\"";
				DEVELOPMENT_TEAM = YU7DP9Q269;
				ENABLE_PREVIEWS = YES;
				GENERATE_INFOPLIST_FILE = YES;
				INFOPLIST_KEY_UIApplicationSceneManifest_Generation = YES;
				INFOPLIST_KEY_UIApplicationSupportsIndirectInputEvents = YES;
				INFOPLIST_KEY_UILaunchScreen_Generation = YES;
				INFOPLIST_KEY_UISupportedInterfaceOrientations_iPad = "UIInterfaceOrientationPortrait UIInterfaceOrientationPortraitUpsideDown UIInterfaceOrientationLandscapeLeft UIInterfaceOrientationLandscapeRight";
				INFOPLIST_KEY_UISupportedInterfaceOrientations_iPhone = "UIInterfaceOrientationPortrait UIInterfaceOrientationLandscapeLeft UIInterfaceOrientationLandscapeRight";
				LD_RUNPATH_SEARCH_PATHS = (
					"$(inherited)",
					"@executable_path/Frameworks",
				);
				MARKETING_VERSION = 1.0;
				PRODUCT_BUNDLE_IDENTIFIER = com.private.CustomGridSUI;
				PRODUCT_NAME = CustomGridSUI;
				SWIFT_EMIT_LOC_STRINGS = YES;
				SWIFT_VERSION = 5.0;
				TARGETED_DEVICE_FAMILY = "1,2";
			};
			name = Release;
		};
/* End XCBuildConfiguration section */

/* Begin XCConfigurationList section */
		1BEE9E4B27B03247006BDE38 /* Build configuration list for PBXProject "CustomGridSUI" */ = {
			isa = XCConfigurationList;
			buildConfigurations = (
				1BEE9E5C27B03248006BDE38 /* Debug */,
				1BEE9E5D27B03248006BDE38 /* Release */,
			);
			defaultConfigurationIsVisible = 0;
			defaultConfigurationName = Release;
		};
		1BEE9E5E27B03248006BDE38 /* Build configuration list for PBXNativeTarget "CustomGridSUI" */ = {
			isa = XCConfigurationList;
			buildConfigurations = (
				1BEE9E5F27B03248006BDE38 /* Debug */,
				1BEE9E6027B03248006BDE38 /* Release */,
			);
			defaultConfigurationIsVisible = 0;
			defaultConfigurationName = Release;
		};
/* End XCConfigurationList section */
	};
	rootObject = 1BEE9E4827B03247006BDE38 /* Project object */;
}
